
Microsoft Visual Studio Solution File, Format Version 12.00
# Visual Studio Version 17
VisualStudioVersion = 17.10.35201.131
MinimumVisualStudioVersion = 10.0.40219.1
Project("{2150E333-8FDC-42A3-9474-1A3956D46DE8}") = "Services", "Services", "{50EDFA78-19E1-48F7-982F-EC65AD29EE90}"
EndProject
Project("{2150E333-8FDC-42A3-9474-1A3956D46DE8}") = "Catalog", "Catalog", "{7110373C-FD84-4BD7-8667-59752E15AD57}"
EndProject
Project("{FAE04EC0-301F-11D3-BF4B-00C04F79EFBC}") = "Catalog.API", "Services\Catalog\Catalog.API\Catalog.API.csproj", "{13A89F7F-972E-457C-B2FF-FC377ABF2BD4}"
EndProject
Project("{2150E333-8FDC-42A3-9474-1A3956D46DE8}") = "BuildingBlocks", "BuildingBlocks", "{FC6D10DF-4BC2-47C0-A0B9-A4A7BDF4566A}"
EndProject
Project("{FAE04EC0-301F-11D3-BF4B-00C04F79EFBC}") = "BuildingBlocks", "BuildingBlocks\BuildingBlocks\BuildingBlocks.csproj", "{E771469C-3697-422C-ADD9-F873DD9CA1D4}"
EndProject
Project("{E53339B2-1760-4266-BCC7-CA923CBCF16C}") = "docker-compose", "docker-compose.dcproj", "{ABC6A1C7-CC25-46CB-82C4-B21D855AB025}"
EndProject
Project("{2150E333-8FDC-42A3-9474-1A3956D46DE8}") = "Basket", "Basket", "{763E18F0-3862-4F2B-B4FB-6ADEDAAC5D3A}"
EndProject
Project("{FAE04EC0-301F-11D3-BF4B-00C04F79EFBC}") = "Basket.API", "Services\Basket\Basket.API\Basket.API.csproj", "{082B3E63-DA2C-45CF-ADC7-13E256F943B5}"
EndProject
Project("{2150E333-8FDC-42A3-9474-1A3956D46DE8}") = "Discount", "Discount", "{BD0AEA5A-01F1-4031-AA5B-53DCBAA71B1C}"
EndProject
Project("{FAE04EC0-301F-11D3-BF4B-00C04F79EFBC}") = "Discount.Grpc", "Services\Discount\Discount.Grpc\Discount.Grpc.csproj", "{DB2BB10A-A6B6-47B9-9D47-A91F54B7F188}"
EndProject
Project("{2150E333-8FDC-42A3-9474-1A3956D46DE8}") = "Ordering", "Ordering", "{B1217F77-D531-4E74-A38B-03993087E23C}"
EndProject
Project("{FAE04EC0-301F-11D3-BF4B-00C04F79EFBC}") = "Ordering.API", "Services\Ordering\Ordering.API\Ordering.API.csproj", "{199A7FB4-8FF2-497A-8A4F-31EC15777224}"
EndProject
Project("{FAE04EC0-301F-11D3-BF4B-00C04F79EFBC}") = "Ordering.Domain", "Services\Ordering\Ordering.Domain\Ordering.Domain.csproj", "{58D686DC-2754-416B-A532-D3ED5DD8FE7B}"
EndProject
Project("{FAE04EC0-301F-11D3-BF4B-00C04F79EFBC}") = "Ordering.Application", "Services\Ordering\Ordering.Application\Ordering.Application.csproj", "{54881636-A646-445D-BA73-9CD2316B6E51}"
EndProject
Project("{FAE04EC0-301F-11D3-BF4B-00C04F79EFBC}") = "Ordering.Infrastructure", "Services\Ordering\Ordering.Infrastructure\Ordering.Infrastructure.csproj", "{A0B2DAC1-5F52-4BF4-9071-E6F3C4D19995}"
EndProject
Global
	GlobalSection(SolutionConfigurationPlatforms) = preSolution
		Debug|Any CPU = Debug|Any CPU
		Release|Any CPU = Release|Any CPU
	EndGlobalSection
	GlobalSection(ProjectConfigurationPlatforms) = postSolution
		{13A89F7F-972E-457C-B2FF-FC377ABF2BD4}.Debug|Any CPU.ActiveCfg = Debug|Any CPU
		{13A89F7F-972E-457C-B2FF-FC377ABF2BD4}.Debug|Any CPU.Build.0 = Debug|Any CPU
		{13A89F7F-972E-457C-B2FF-FC377ABF2BD4}.Release|Any CPU.ActiveCfg = Release|Any CPU
		{13A89F7F-972E-457C-B2FF-FC377ABF2BD4}.Release|Any CPU.Build.0 = Release|Any CPU
		{E771469C-3697-422C-ADD9-F873DD9CA1D4}.Debug|Any CPU.ActiveCfg = Debug|Any CPU
		{E771469C-3697-422C-ADD9-F873DD9CA1D4}.Debug|Any CPU.Build.0 = Debug|Any CPU
		{E771469C-3697-422C-ADD9-F873DD9CA1D4}.Release|Any CPU.ActiveCfg = Release|Any CPU
		{E771469C-3697-422C-ADD9-F873DD9CA1D4}.Release|Any CPU.Build.0 = Release|Any CPU
		{ABC6A1C7-CC25-46CB-82C4-B21D855AB025}.Debug|Any CPU.ActiveCfg = Debug|Any CPU
		{ABC6A1C7-CC25-46CB-82C4-B21D855AB025}.Debug|Any CPU.Build.0 = Debug|Any CPU
		{ABC6A1C7-CC25-46CB-82C4-B21D855AB025}.Release|Any CPU.ActiveCfg = Release|Any CPU
		{ABC6A1C7-CC25-46CB-82C4-B21D855AB025}.Release|Any CPU.Build.0 = Release|Any CPU
		{082B3E63-DA2C-45CF-ADC7-13E256F943B5}.Debug|Any CPU.ActiveCfg = Debug|Any CPU
		{082B3E63-DA2C-45CF-ADC7-13E256F943B5}.Debug|Any CPU.Build.0 = Debug|Any CPU
		{082B3E63-DA2C-45CF-ADC7-13E256F943B5}.Release|Any CPU.ActiveCfg = Release|Any CPU
		{082B3E63-DA2C-45CF-ADC7-13E256F943B5}.Release|Any CPU.Build.0 = Release|Any CPU
		{DB2BB10A-A6B6-47B9-9D47-A91F54B7F188}.Debug|Any CPU.ActiveCfg = Debug|Any CPU
		{DB2BB10A-A6B6-47B9-9D47-A91F54B7F188}.Debug|Any CPU.Build.0 = Debug|Any CPU
		{DB2BB10A-A6B6-47B9-9D47-A91F54B7F188}.Release|Any CPU.ActiveCfg = Release|Any CPU
		{DB2BB10A-A6B6-47B9-9D47-A91F54B7F188}.Release|Any CPU.Build.0 = Release|Any CPU
		{199A7FB4-8FF2-497A-8A4F-31EC15777224}.Debug|Any CPU.ActiveCfg = Debug|Any CPU
		{199A7FB4-8FF2-497A-8A4F-31EC15777224}.Debug|Any CPU.Build.0 = Debug|Any CPU
		{199A7FB4-8FF2-497A-8A4F-31EC15777224}.Release|Any CPU.ActiveCfg = Release|Any CPU
		{199A7FB4-8FF2-497A-8A4F-31EC15777224}.Release|Any CPU.Build.0 = Release|Any CPU
		{58D686DC-2754-416B-A532-D3ED5DD8FE7B}.Debug|Any CPU.ActiveCfg = Debug|Any CPU
		{58D686DC-2754-416B-A532-D3ED5DD8FE7B}.Debug|Any CPU.Build.0 = Debug|Any CPU
		{58D686DC-2754-416B-A532-D3ED5DD8FE7B}.Release|Any CPU.ActiveCfg = Release|Any CPU
		{58D686DC-2754-416B-A532-D3ED5DD8FE7B}.Release|Any CPU.Build.0 = Release|Any CPU
		{54881636-A646-445D-BA73-9CD2316B6E51}.Debug|Any CPU.ActiveCfg = Debug|Any CPU
		{54881636-A646-445D-BA73-9CD2316B6E51}.Debug|Any CPU.Build.0 = Debug|Any CPU
		{54881636-A646-445D-BA73-9CD2316B6E51}.Release|Any CPU.ActiveCfg = Release|Any CPU
		{54881636-A646-445D-BA73-9CD2316B6E51}.Release|Any CPU.Build.0 = Release|Any CPU
		{A0B2DAC1-5F52-4BF4-9071-E6F3C4D19995}.Debug|Any CPU.ActiveCfg = Debug|Any CPU
		{A0B2DAC1-5F52-4BF4-9071-E6F3C4D19995}.Debug|Any CPU.Build.0 = Debug|Any CPU
		{A0B2DAC1-5F52-4BF4-9071-E6F3C4D19995}.Release|Any CPU.ActiveCfg = Release|Any CPU
		{A0B2DAC1-5F52-4BF4-9071-E6F3C4D19995}.Release|Any CPU.Build.0 = Release|Any CPU
	EndGlobalSection
	GlobalSection(SolutionProperties) = preSolution
		HideSolutionNode = FALSE
	EndGlobalSection
	GlobalSection(NestedProjects) = preSolution
		{7110373C-FD84-4BD7-8667-59752E15AD57} = {50EDFA78-19E1-48F7-982F-EC65AD29EE90}
		{13A89F7F-972E-457C-B2FF-FC377ABF2BD4} = {7110373C-FD84-4BD7-8667-59752E15AD57}
		{E771469C-3697-422C-ADD9-F873DD9CA1D4} = {FC6D10DF-4BC2-47C0-A0B9-A4A7BDF4566A}
		{763E18F0-3862-4F2B-B4FB-6ADEDAAC5D3A} = {50EDFA78-19E1-48F7-982F-EC65AD29EE90}
		{082B3E63-DA2C-45CF-ADC7-13E256F943B5} = {763E18F0-3862-4F2B-B4FB-6ADEDAAC5D3A}
		{BD0AEA5A-01F1-4031-AA5B-53DCBAA71B1C} = {50EDFA78-19E1-48F7-982F-EC65AD29EE90}
		{DB2BB10A-A6B6-47B9-9D47-A91F54B7F188} = {BD0AEA5A-01F1-4031-AA5B-53DCBAA71B1C}
		{B1217F77-D531-4E74-A38B-03993087E23C} = {50EDFA78-19E1-48F7-982F-EC65AD29EE90}
		{199A7FB4-8FF2-497A-8A4F-31EC15777224} = {B1217F77-D531-4E74-A38B-03993087E23C}
		{58D686DC-2754-416B-A532-D3ED5DD8FE7B} = {B1217F77-D531-4E74-A38B-03993087E23C}
		{54881636-A646-445D-BA73-9CD2316B6E51} = {B1217F77-D531-4E74-A38B-03993087E23C}
		{A0B2DAC1-5F52-4BF4-9071-E6F3C4D19995} = {B1217F77-D531-4E74-A38B-03993087E23C}
	EndGlobalSection
	GlobalSection(ExtensibilityGlobals) = postSolution
		SolutionGuid = {27362BE6-2B0C-473B-8B16-874933A809EA}
	EndGlobalSection
EndGlobal
